
Microsoft Visual Studio Solution File, Format Version 12.00
# Visual Studio Version 17
VisualStudioVersion = 17.1.32228.430
MinimumVisualStudioVersion = 10.0.40219.1
Project("{9A19103F-16F7-4668-BE54-9A1E7A4F7556}") = "TestUnit", "TestUnit\TestUnit.csproj", "{4DF0AB5F-9D02-4C76-93A2-B748D17AAA11}"
EndProject
Project("{9A19103F-16F7-4668-BE54-9A1E7A4F7556}") = "TastyIO", "TastyIO\TastyIO.csproj", "{A3CCC511-4661-4F42-BF11-FC3C2962AB94}"
EndProject
Project("{9A19103F-16F7-4668-BE54-9A1E7A4F7556}") = "IOBenchmarks", "IOBenchmarks\IOBenchmarks.csproj", "{1705D323-6415-4C85-AE75-7D043045FAD3}"
EndProject
Project("{2150E333-8FDC-42A3-9474-1A3956D46DE8}") = "Tests", "Tests", "{3ECC26C3-AFB7-4C60-8E56-3A3652C05591}"
EndProject
Global
	GlobalSection(SolutionConfigurationPlatforms) = preSolution
		Debug|Any CPU = Debug|Any CPU
		Release|Any CPU = Release|Any CPU
	EndGlobalSection
	GlobalSection(ProjectConfigurationPlatforms) = postSolution
		{4DF0AB5F-9D02-4C76-93A2-B748D17AAA11}.Debug|Any CPU.ActiveCfg = Debug|Any CPU
		{4DF0AB5F-9D02-4C76-93A2-B748D17AAA11}.Debug|Any CPU.Build.0 = Debug|Any CPU
		{4DF0AB5F-9D02-4C76-93A2-B748D17AAA11}.Release|Any CPU.ActiveCfg = Release|Any CPU
		{4DF0AB5F-9D02-4C76-93A2-B748D17AAA11}.Release|Any CPU.Build.0 = Release|Any CPU
		{A3CCC511-4661-4F42-BF11-FC3C2962AB94}.Debug|Any CPU.ActiveCfg = Debug|Any CPU
		{A3CCC511-4661-4F42-BF11-FC3C2962AB94}.Debug|Any CPU.Build.0 = Debug|Any CPU
		{A3CCC511-4661-4F42-BF11-FC3C2962AB94}.Release|Any CPU.ActiveCfg = Release|Any CPU
		{A3CCC511-4661-4F42-BF11-FC3C2962AB94}.Release|Any CPU.Build.0 = Release|Any CPU
		{1705D323-6415-4C85-AE75-7D043045FAD3}.Debug|Any CPU.ActiveCfg = Debug|Any CPU
		{1705D323-6415-4C85-AE75-7D043045FAD3}.Debug|Any CPU.Build.0 = Debug|Any CPU
		{1705D323-6415-4C85-AE75-7D043045FAD3}.Release|Any CPU.ActiveCfg = Release|Any CPU
		{1705D323-6415-4C85-AE75-7D043045FAD3}.Release|Any CPU.Build.0 = Release|Any CPU
	EndGlobalSection
	GlobalSection(SolutionProperties) = preSolution
		HideSolutionNode = FALSE
	EndGlobalSection
	GlobalSection(NestedProjects) = preSolution
		{4DF0AB5F-9D02-4C76-93A2-B748D17AAA11} = {3ECC26C3-AFB7-4C60-8E56-3A3652C05591}
		{1705D323-6415-4C85-AE75-7D043045FAD3} = {3ECC26C3-AFB7-4C60-8E56-3A3652C05591}
	EndGlobalSection
	GlobalSection(ExtensibilityGlobals) = postSolution
		SolutionGuid = {7A153369-3D11-4605-A7B8-EAABB31F7EB8}
	EndGlobalSection
EndGlobal
