
Microsoft Visual Studio Solution File, Format Version 12.00
# Visual Studio Version 17
VisualStudioVersion = 17.1.32228.430
MinimumVisualStudioVersion = 10.0.40219.1
Project("{9A19103F-16F7-4668-BE54-9A1E7A4F7556}") = "TestUnit", "TestUnit\TestUnit.csproj", "{4DF0AB5F-9D02-4C76-93A2-B748D17AAA11}"
EndProject
Project("{FAE04EC0-301F-11D3-BF4B-00C04F79EFBC}") = "TastyIO", "TastyIO\TastyIO.csproj", "{A3CCC511-4661-4F42-BF11-FC3C2962AB94}"
EndProject
Global
	GlobalSection(SolutionConfigurationPlatforms) = preSolution
		Debug|Any CPU = Debug|Any CPU
		Release|Any CPU = Release|Any CPU
	EndGlobalSection
	GlobalSection(ProjectConfigurationPlatforms) = postSolution
		{4DF0AB5F-9D02-4C76-93A2-B748D17AAA11}.Debug|Any CPU.ActiveCfg = Debug|Any CPU
		{4DF0AB5F-9D02-4C76-93A2-B748D17AAA11}.Debug|Any CPU.Build.0 = Debug|Any CPU
		{4DF0AB5F-9D02-4C76-93A2-B748D17AAA11}.Release|Any CPU.ActiveCfg = Release|Any CPU
		{4DF0AB5F-9D02-4C76-93A2-B748D17AAA11}.Release|Any CPU.Build.0 = Release|Any CPU
		{A3CCC511-4661-4F42-BF11-FC3C2962AB94}.Debug|Any CPU.ActiveCfg = Debug|Any CPU
		{A3CCC511-4661-4F42-BF11-FC3C2962AB94}.Debug|Any CPU.Build.0 = Debug|Any CPU
		{A3CCC511-4661-4F42-BF11-FC3C2962AB94}.Release|Any CPU.ActiveCfg = Release|Any CPU
		{A3CCC511-4661-4F42-BF11-FC3C2962AB94}.Release|Any CPU.Build.0 = Release|Any CPU
	EndGlobalSection
	GlobalSection(SolutionProperties) = preSolution
		HideSolutionNode = FALSE
	EndGlobalSection
	GlobalSection(ExtensibilityGlobals) = postSolution
		SolutionGuid = {7A153369-3D11-4605-A7B8-EAABB31F7EB8}
	EndGlobalSection
EndGlobal
